{
  "originHash" : "aeebc6c5c484553e05fa670210ea781113cfd4d79dc16ed6ee58ec6ae2cb3086",
  "pins" : [
    {
      "identity" : "documentationcomment",
      "kind" : "remoteSourceControl",
      "location" : "https://github.com/fumito-ito/DocumentationComment.git",
      "state" : {
        "revision" : "90d3c5b9cccddb202c8adb99138733c868d7b082",
        "version" : "0.0.6"
      }
    },
    {
      "identity" : "functioncalling",
      "kind" : "remoteSourceControl",
      "location" : "https://github.com/FunctionCalling/FunctionCalling",
      "state" : {
        "revision" : "cd9c2c3d70e10c63e3da670718685825727b52ce",
        "version" : "0.5.0"
      }
    },
    {
      "identity" : "grmustache.swift",
      "kind" : "remoteSourceControl",
      "location" : "https://github.com/groue/GRMustache.swift",
      "state" : {
        "revision" : "811326995377af216b970ae3afb0645ca94986c8",
        "version" : "6.0.0"
      }
    },
    {
      "identity" : "openai",
      "kind" : "remoteSourceControl",
      "location" : "https://github.com/MacPaw/OpenAI",
      "state" : {
        "revision" : "bb283b2ac48c1e90121d73d6bfb45f961dc0b7a3",
        "version" : "0.4.5"
      }
    },
    {
      "identity" : "swift-cmark",
      "kind" : "remoteSourceControl",
      "location" : "https://github.com/apple/swift-cmark.git",
      "state" : {
        "revision" : "3ccff77b2dc5b96b77db3da0d68d28068593fa53",
        "version" : "0.5.0"
      }
    },
    {
      "identity" : "swift-http-types",
      "kind" : "remoteSourceControl",
      "location" : "https://github.com/apple/swift-http-types",
      "state" : {
        "revision" : "a0a57e949a8903563aba4615869310c0ebf14c03",
        "version" : "1.4.0"
      }
    },
    {
      "identity" : "swift-markdown",
      "kind" : "remoteSourceControl",
      "location" : "https://github.com/apple/swift-markdown.git",
      "state" : {
        "revision" : "8f79cb175981458a0a27e76cb42fee8e17b1a993",
        "version" : "0.5.0"
      }
    },
    {
      "identity" : "swift-openapi-runtime",
      "kind" : "remoteSourceControl",
      "location" : "https://github.com/apple/swift-openapi-runtime",
      "state" : {
        "revision" : "8f33cc5dfe81169fb167da73584b9c72c3e8bc23",
        "version" : "1.8.2"
      }
    },
    {
      "identity" : "swift-syntax",
      "kind" : "remoteSourceControl",
      "location" : "https://github.com/apple/swift-syntax.git",
      "state" : {
        "revision" : "0687f71944021d616d34d922343dcef086855920",
        "version" : "600.0.1"
      }
    }
  ],
  "version" : 3
}
