{
  "originHash" : "203e6544835d84bd20fbe6f01f08082aa5b02cfe5ebc96f023ca73a49208aa27",
  "pins" : [
    {
      "identity" : "documentationcomment",
      "kind" : "remoteSourceControl",
      "location" : "https://github.com/fumito-ito/DocumentationComment.git",
      "state" : {
        "revision" : "90d3c5b9cccddb202c8adb99138733c868d7b082",
        "version" : "0.0.6"
      }
    },
    {
      "identity" : "functioncalling",
      "kind" : "remoteSourceControl",
      "location" : "https://github.com/FunctionCalling/FunctionCalling",
      "state" : {
        "revision" : "cd9c2c3d70e10c63e3da670718685825727b52ce",
        "version" : "0.5.0"
      }
    },
    {
      "identity" : "grmustache.swift",
      "kind" : "remoteSourceControl",
      "location" : "https://github.com/groue/GRMustache.swift",
      "state" : {
        "revision" : "811326995377af216b970ae3afb0645ca94986c8",
        "version" : "6.0.0"
      }
    },
    {
      "identity" : "openai",
      "kind" : "remoteSourceControl",
      "location" : "https://github.com/MacPaw/OpenAI",
      "state" : {
        "revision" : "40f3d6cdb5a2ad72369984a8e0e99a28c6e46f47",
        "version" : "0.4.2"
      }
    },
    {
      "identity" : "swift-cmark",
      "kind" : "remoteSourceControl",
      "location" : "https://github.com/apple/swift-cmark.git",
      "state" : {
        "revision" : "3ccff77b2dc5b96b77db3da0d68d28068593fa53",
        "version" : "0.5.0"
      }
    },
    {
      "identity" : "swift-markdown",
      "kind" : "remoteSourceControl",
      "location" : "https://github.com/apple/swift-markdown.git",
      "state" : {
        "revision" : "8f79cb175981458a0a27e76cb42fee8e17b1a993",
        "version" : "0.5.0"
      }
    },
    {
      "identity" : "swift-syntax",
      "kind" : "remoteSourceControl",
      "location" : "https://github.com/apple/swift-syntax.git",
      "state" : {
        "revision" : "0687f71944021d616d34d922343dcef086855920",
        "version" : "600.0.1"
      }
    }
  ],
  "version" : 3
}
